Microsoft Visual Studio Solution File, Format Version 12.00
# Visual Studio 15
VisualStudioVersion = 15.0.27703.2047
MinimumVisualStudioVersion = 10.0.40219.1
Project("{9A19103F-16F7-4668-BE54-9A1E7A4F7556}") = "System.Linq.Dynamic", "System.Linq.Dynamic\System.Linq.Dynamic.csproj", "{8583FA5E-350F-47C6-B7FA-277C2F21C39A}"
EndProject
Project("{FAE04EC0-301F-11D3-BF4B-00C04F79EFBC}") = "System.Linq.Dynamic.Tests", "System.Linq.Dynamic.Tests\System.Linq.Dynamic.Tests.csproj", "{5FFA6081-6C3C-4B65-9F34-1938FF5312BB}"
EndProject
Global
	GlobalSection(SolutionConfigurationPlatforms) = preSolution
		Debug|Any CPU = Debug|Any CPU
		Release|Any CPU = Release|Any CPU
	EndGlobalSection
	GlobalSection(ProjectConfigurationPlatforms) = postSolution
		{8583FA5E-350F-47C6-B7FA-277C2F21C39A}.Debug|Any CPU.ActiveCfg = Debug|Any CPU
		{8583FA5E-350F-47C6-B7FA-277C2F21C39A}.Debug|Any CPU.Build.0 = Debug|Any CPU
		{8583FA5E-350F-47C6-B7FA-277C2F21C39A}.Release|Any CPU.ActiveCfg = Release|Any CPU
		{8583FA5E-350F-47C6-B7FA-277C2F21C39A}.Release|Any CPU.Build.0 = Release|Any CPU
		{5FFA6081-6C3C-4B65-9F34-1938FF5312BB}.Debug|Any CPU.ActiveCfg = Debug|Any CPU
		{5FFA6081-6C3C-4B65-9F34-1938FF5312BB}.Debug|Any CPU.Build.0 = Debug|Any CPU
		{5FFA6081-6C3C-4B65-9F34-1938FF5312BB}.Release|Any CPU.ActiveCfg = Release|Any CPU
		{5FFA6081-6C3C-4B65-9F34-1938FF5312BB}.Release|Any CPU.Build.0 = Release|Any CPU
	EndGlobalSection
	GlobalSection(SolutionProperties) = preSolution
		HideSolutionNode = FALSE
	EndGlobalSection
	GlobalSection(ExtensibilityGlobals) = postSolution
		SolutionGuid = {3127590B-567C-48A2-9A51-EEAB5476459C}
	EndGlobalSection
EndGlobal
